
Microsoft Visual Studio Solution File, Format Version 12.00
# Visual Studio Version 16
VisualStudioVersion = 16.0.29613.14
MinimumVisualStudioVersion = 10.0.40219.1
Project("{9A19103F-16F7-4668-BE54-9A1E7A4F7556}") = "UserInformation", "UserInformation\UserInformation.csproj", "{88312F91-F90F-4766-806C-9216C387AD05}"
EndProject
Project("{9A19103F-16F7-4668-BE54-9A1E7A4F7556}") = "UserInfo.Data", "UserInfo.Data\UserInfo.Data.csproj", "{6C52ACED-2FB1-428C-82E9-9357E1C89061}"
EndProject
Project("{9A19103F-16F7-4668-BE54-9A1E7A4F7556}") = "UserInfo.Shared", "UserInfo.Shared\UserInfo.Shared.csproj", "{E60A89E6-77FC-4708-BA88-B6BB123B028F}"
EndProject
Project("{9A19103F-16F7-4668-BE54-9A1E7A4F7556}") = "UserInfo.Services", "UserInfo.Services\UserInfo.Services.csproj", "{71AC75FB-231F-40FF-AA6C-6F494E6B6B96}"
EndProject
Global
	GlobalSection(SolutionConfigurationPlatforms) = preSolution
		Debug|Any CPU = Debug|Any CPU
		Release|Any CPU = Release|Any CPU
	EndGlobalSection
	GlobalSection(ProjectConfigurationPlatforms) = postSolution
		{88312F91-F90F-4766-806C-9216C387AD05}.Debug|Any CPU.ActiveCfg = Debug|Any CPU
		{88312F91-F90F-4766-806C-9216C387AD05}.Debug|Any CPU.Build.0 = Debug|Any CPU
		{88312F91-F90F-4766-806C-9216C387AD05}.Release|Any CPU.ActiveCfg = Release|Any CPU
		{88312F91-F90F-4766-806C-9216C387AD05}.Release|Any CPU.Build.0 = Release|Any CPU
		{6C52ACED-2FB1-428C-82E9-9357E1C89061}.Debug|Any CPU.ActiveCfg = Debug|Any CPU
		{6C52ACED-2FB1-428C-82E9-9357E1C89061}.Debug|Any CPU.Build.0 = Debug|Any CPU
		{6C52ACED-2FB1-428C-82E9-9357E1C89061}.Release|Any CPU.ActiveCfg = Release|Any CPU
		{6C52ACED-2FB1-428C-82E9-9357E1C89061}.Release|Any CPU.Build.0 = Release|Any CPU
		{E60A89E6-77FC-4708-BA88-B6BB123B028F}.Debug|Any CPU.ActiveCfg = Debug|Any CPU
		{E60A89E6-77FC-4708-BA88-B6BB123B028F}.Debug|Any CPU.Build.0 = Debug|Any CPU
		{E60A89E6-77FC-4708-BA88-B6BB123B028F}.Release|Any CPU.ActiveCfg = Release|Any CPU
		{E60A89E6-77FC-4708-BA88-B6BB123B028F}.Release|Any CPU.Build.0 = Release|Any CPU
		{71AC75FB-231F-40FF-AA6C-6F494E6B6B96}.Debug|Any CPU.ActiveCfg = Debug|Any CPU
		{71AC75FB-231F-40FF-AA6C-6F494E6B6B96}.Debug|Any CPU.Build.0 = Debug|Any CPU
		{71AC75FB-231F-40FF-AA6C-6F494E6B6B96}.Release|Any CPU.ActiveCfg = Release|Any CPU
		{71AC75FB-231F-40FF-AA6C-6F494E6B6B96}.Release|Any CPU.Build.0 = Release|Any CPU
	EndGlobalSection
	GlobalSection(SolutionProperties) = preSolution
		HideSolutionNode = FALSE
	EndGlobalSection
	GlobalSection(ExtensibilityGlobals) = postSolution
		SolutionGuid = {64B47ED4-B2AF-422A-9EFD-8A6FE43F3B10}
	EndGlobalSection
EndGlobal
